{
    "_readme": [
        "This file locks the dependencies of your project to a known state",
        "Read more about it at https://getcomposer.org/doc/01-basic-usage.md#composer-lock-the-lock-file",
        "This file is @generated automatically"
    ],
    "hash": "4ad1aa03031135c11fee90f22aaa7fd5",
    "content-hash": "c3e8662ee8399a51b4f63b5f469a9d2e",
    "packages": [
        {
            "name": "symfony/options-resolver",
            "version": "dev-master",
            "source": {
                "type": "git",
                "url": "https://github.com/symfony/options-resolver.git",
                "reference": "45940bcad6388b3b6058107eca67ced738d205bb"
            },
            "dist": {
                "type": "zip",
                "url": "https://api.github.com/repos/symfony/options-resolver/zipball/45940bcad6388b3b6058107eca67ced738d205bb",
                "reference": "45940bcad6388b3b6058107eca67ced738d205bb",
                "shasum": ""
            },
            "require": {
                "php": ">=5.5.9"
            },
            "type": "library",
            "extra": {
                "branch-alias": {
                    "dev-master": "3.2-dev"
                }
            },
            "autoload": {
                "psr-4": {
                    "Symfony\\Component\\OptionsResolver\\": ""
                },
                "exclude-from-classmap": [
                    "/Tests/"
                ]
            },
            "notification-url": "https://packagist.org/downloads/",
            "license": [
                "MIT"
            ],
            "authors": [
                {
                    "name": "Fabien Potencier",
                    "email": "fabien@symfony.com"
                },
                {
                    "name": "Symfony Community",
                    "homepage": "https://symfony.com/contributors"
                }
            ],
            "description": "Symfony OptionsResolver Component",
            "homepage": "https://symfony.com",
            "keywords": [
                "config",
                "configuration",
                "options"
            ],
            "time": "2016-05-13 18:13:23"
        },
        {
            "name": "tequila/mongodb-driver-wrapper",
            "version": "dev-master",
            "source": {
                "type": "git",
                "url": "https://github.com/tequila/mongodb-driver-wrapper.git",
                "reference": "2003dbe90752db723e182c189b07a2761e30dde4"
            },
            "dist": {
                "type": "zip",
                "url": "https://api.github.com/repos/tequila/mongodb-driver-wrapper/zipball/2003dbe90752db723e182c189b07a2761e30dde4",
                "reference": "2003dbe90752db723e182c189b07a2761e30dde4",
                "shasum": ""
            },
            "require": {
                "ext-mongodb": ">=1.1.0",
                "php": ">=5.6"
            },
            "type": "library",
            "autoload": {
                "psr-4": {
                    "Tequila\\MongoDB\\": "src/"
                }
            },
            "notification-url": "https://packagist.org/downloads/",
            "license": [
                "MIT"
            ],
            "authors": [
                {
                    "name": "Petr Buchin",
                    "email": "petrbuchyn@gmail.com"
                }
            ],
            "description": "Wraps MongoDB driver classes to have access to their internals",
            "keywords": [
                "PHP7",
                "database",
                "driver",
                "hhvm",
                "mongodb",
                "php"
            ],
            "time": "2016-10-29 21:31:57"
        },
        {
            "name": "tequila/mongodb-php-lib",
            "version": "dev-master",
            "source": {
                "type": "git",
                "url": "https://github.com/tequila/mongodb-php-lib.git",
                "reference": "f7dd521beee5912f95a5cfcd9b32865c083b7f88"
            },
            "dist": {
                "type": "zip",
                "url": "https://api.github.com/repos/tequila/mongodb-php-lib/zipball/f7dd521beee5912f95a5cfcd9b32865c083b7f88",
                "reference": "f7dd521beee5912f95a5cfcd9b32865c083b7f88",
                "shasum": ""
            },
            "require": {
                "ext-mongodb": ">=1.1.0",
                "php": ">=5.6",
                "symfony/options-resolver": ">=2.8",
                "tequila/mongodb-driver-wrapper": "dev-master"
            },
            "require-dev": {
                "phpunit/phpunit": "^5.4"
            },
            "type": "library",
            "autoload": {
                "psr-4": {
                    "Tequila\\MongoDB\\": "src/"
                }
            },
            "notification-url": "https://packagist.org/downloads/",
            "license": [
                "MIT"
            ],
            "authors": [
                {
                    "name": "Petr Buchin",
                    "email": "petrbuchyn@gmail.com"
                }
            ],
            "description": "PHP MongoDB abstraction layer (driver library)",
            "time": "2016-10-30 22:32:34"
        }
    ],
    "packages-dev": [],
    "aliases": [],
    "minimum-stability": "dev",
    "stability-flags": {
        "tequila/mongodb-php-lib": 20
    },
    "prefer-stable": false,
    "prefer-lowest": false,
    "platform": {
        "php": ">=5.6"
    },
    "platform-dev": []
}
