{
    "_readme": [
        "This file locks the dependencies of your project to a known state",
        "Read more about it at https://getcomposer.org/doc/01-basic-usage.md#composer-lock-the-lock-file",
        "This file is @generated automatically"
    ],
    "hash": "a58a6012923bed822f0217b2d927d230",
    "content-hash": "df596fabd339aae5be768ab8329a9b9f",
    "packages": [
        {
            "name": "mongodb/mongodb",
            "version": "1.0.3",
            "source": {
                "type": "git",
                "url": "https://github.com/mongodb/mongo-php-library.git",
                "reference": "3c742f3ceffc4dc67fee02dc6ebfc2e7cb403b7c"
            },
            "dist": {
                "type": "zip",
                "url": "https://api.github.com/repos/mongodb/mongo-php-library/zipball/3c742f3ceffc4dc67fee02dc6ebfc2e7cb403b7c",
                "reference": "3c742f3ceffc4dc67fee02dc6ebfc2e7cb403b7c",
                "shasum": ""
            },
            "require": {
                "ext-mongodb": "^1.1.0",
                "php": ">=5.4"
            },
            "type": "library",
            "autoload": {
                "psr-4": {
                    "MongoDB\\": "src/"
                },
                "files": [
                    "src/functions.php"
                ]
            },
            "notification-url": "https://packagist.org/downloads/",
            "license": [
                "Apache-2.0"
            ],
            "authors": [
                {
                    "name": "Jeremy Mikola",
                    "email": "jmikola@gmail.com"
                },
                {
                    "name": "Hannes Magnusson",
                    "email": "bjori@mongodb.com"
                },
                {
                    "name": "Derick Rethans",
                    "email": "github@derickrethans.nl"
                }
            ],
            "description": "MongoDB driver library",
            "homepage": "https://jira.mongodb.org/browse/PHPLIB",
            "keywords": [
                "database",
                "driver",
                "mongodb",
                "persistence"
            ],
            "time": "2016-09-23 19:38:29"
        },
        {
            "name": "symfony/event-dispatcher",
            "version": "v3.1.4",
            "source": {
                "type": "git",
                "url": "https://github.com/symfony/event-dispatcher.git",
                "reference": "c0c00c80b3a69132c4e55c3e7db32b4a387615e5"
            },
            "dist": {
                "type": "zip",
                "url": "https://api.github.com/repos/symfony/event-dispatcher/zipball/c0c00c80b3a69132c4e55c3e7db32b4a387615e5",
                "reference": "c0c00c80b3a69132c4e55c3e7db32b4a387615e5",
                "shasum": ""
            },
            "require": {
                "php": ">=5.5.9"
            },
            "require-dev": {
                "psr/log": "~1.0",
                "symfony/config": "~2.8|~3.0",
                "symfony/dependency-injection": "~2.8|~3.0",
                "symfony/expression-language": "~2.8|~3.0",
                "symfony/stopwatch": "~2.8|~3.0"
            },
            "suggest": {
                "symfony/dependency-injection": "",
                "symfony/http-kernel": ""
            },
            "type": "library",
            "extra": {
                "branch-alias": {
                    "dev-master": "3.1-dev"
                }
            },
            "autoload": {
                "psr-4": {
                    "Symfony\\Component\\EventDispatcher\\": ""
                },
                "exclude-from-classmap": [
                    "/Tests/"
                ]
            },
            "notification-url": "https://packagist.org/downloads/",
            "license": [
                "MIT"
            ],
            "authors": [
                {
                    "name": "Fabien Potencier",
                    "email": "fabien@symfony.com"
                },
                {
                    "name": "Symfony Community",
                    "homepage": "https://symfony.com/contributors"
                }
            ],
            "description": "Symfony EventDispatcher Component",
            "homepage": "https://symfony.com",
            "time": "2016-07-19 10:45:57"
        },
        {
            "name": "tequila/mongodb",
            "version": "v0.1.0",
            "source": {
                "type": "git",
                "url": "https://github.com/tequila/mongodb.git",
                "reference": "9fb19505794a6d2cf50803d1c448dbc942239adf"
            },
            "dist": {
                "type": "zip",
                "url": "https://api.github.com/repos/tequila/mongodb/zipball/9fb19505794a6d2cf50803d1c448dbc942239adf",
                "reference": "9fb19505794a6d2cf50803d1c448dbc942239adf",
                "shasum": ""
            },
            "require": {
                "mongodb/mongodb": "^1.0",
                "php": "^5.6 || ^7.0 || ^7.1",
                "symfony/event-dispatcher": "^3.1"
            },
            "type": "library",
            "autoload": {
                "psr-4": {
                    "Tequila\\MongoDB\\": "src/"
                }
            },
            "notification-url": "https://packagist.org/downloads/",
            "license": [
                "MIT"
            ],
            "authors": [
                {
                    "name": "Petr Buchin",
                    "email": "petrbuchyn@gmail.com"
                }
            ],
            "description": "MongoDB abstraction layer for PHP",
            "homepage": "https://github.com/tequila/mongodb",
            "keywords": [
                "database",
                "driver",
                "mongodb",
                "persistence",
                "tequila"
            ],
            "time": "2016-09-28 20:54:24"
        }
    ],
    "packages-dev": [],
    "aliases": [],
    "minimum-stability": "stable",
    "stability-flags": [],
    "prefer-stable": false,
    "prefer-lowest": false,
    "platform": {
        "php": "^5.6 || ^7.0 || ^7.1"
    },
    "platform-dev": []
}
